PODS:
  - Capacitor (6.0.0):
    - CapacitorCordova
  - CapacitorApp (6.0.0):
    - Capacitor
  - CapacitorCommunitySqlite (6.0.0-beta.2):
    - Capacitor
    - SQLCipher
    - ZIPFoundation
  - CapacitorCordova (6.0.0)
  - CapacitorHaptics (6.0.0):
    - Capacitor
  - CapacitorKeyboard (6.0.0):
    - Capacitor
  - CapacitorStatusBar (6.0.0):
    - Capacitor
  - CapacitorToast (6.0.0):
    - Capacitor
  - SQLCipher (4.5.6):
    - SQLCipher/standard (= 4.5.6)
  - SQLCipher/common (4.5.6)
  - SQLCipher/standard (4.5.6):
    - SQLCipher/common
  - ZIPFoundation (0.9.18)

DEPENDENCIES:
  - "Capacitor (from `../../node_modules/@capacitor/ios`)"
  - "CapacitorApp (from `../../node_modules/@capacitor/app`)"
  - "CapacitorCommunitySqlite (from `../../node_modules/@capacitor-community/sqlite`)"
  - "CapacitorCordova (from `../../node_modules/@capacitor/ios`)"
  - "CapacitorHaptics (from `../../node_modules/@capacitor/haptics`)"
  - "CapacitorKeyboard (from `../../node_modules/@capacitor/keyboard`)"
  - "CapacitorStatusBar (from `../../node_modules/@capacitor/status-bar`)"
  - "CapacitorToast (from `../../node_modules/@capacitor/toast`)"

SPEC REPOS:
  trunk:
    - SQLCipher
    - ZIPFoundation

EXTERNAL SOURCES:
  Capacitor:
    :path: "../../node_modules/@capacitor/ios"
  CapacitorApp:
    :path: "../../node_modules/@capacitor/app"
  CapacitorCommunitySqlite:
    :path: "../../node_modules/@capacitor-community/sqlite"
  CapacitorCordova:
    :path: "../../node_modules/@capacitor/ios"
  CapacitorHaptics:
    :path: "../../node_modules/@capacitor/haptics"
  CapacitorKeyboard:
    :path: "../../node_modules/@capacitor/keyboard"
  CapacitorStatusBar:
    :path: "../../node_modules/@capacitor/status-bar"
  CapacitorToast:
    :path: "../../node_modules/@capacitor/toast"

SPEC CHECKSUMS:
  Capacitor: 559d073c4ca6c27f8e7002c807eea94c3ba435a9
  CapacitorApp: 9d53aec7101f7b030a950c5bdc4df8612576b279
  CapacitorCommunitySqlite: 65e20adebfde0af51c8df6b66dbeda4fd2a62bc8
  CapacitorCordova: 8c4bfdf69368512e85b1d8b724dd7546abeb30af
  CapacitorHaptics: 9ebc9363f0e9b8eb4295088a0b474530acf1859b
  CapacitorKeyboard: deacbd09d8d1029c3681197fb05d206b721d5f73
  CapacitorStatusBar: 2e4369f99166125435641b1908d05f561eaba6f6
  CapacitorToast: ba573a7bc5dfd622e78d5be126a84ee221da4180
  SQLCipher: 838309284f29953a28ad2e81d87d55ea6b7c74fd
  ZIPFoundation: fa9ae5af13b7cf168245f24d1c672a4fb972e37f

PODFILE CHECKSUM: 5dd923131c2d982dc6f74bc2cd82f47428fe5be1

COCOAPODS: 1.10.0
